
Microsoft Visual Studio Solution File, Format Version 12.00
# Visual Studio Version 16
VisualStudioVersion = 16.0.31112.23
MinimumVisualStudioVersion = 10.0.40219.1
Project("{FAE04EC0-301F-11D3-BF4B-00C04F79EFBC}") = "DataAccess", "DataAccess\DataAccess.csproj", "{CD18E959-34E6-4BB8-8FC4-A23A1575DE78}"
EndProject
Project("{FAE04EC0-301F-11D3-BF4B-00C04F79EFBC}") = "Business", "Business\Business.csproj", "{6BF21993-BB01-4EC0-933F-B7950867CD9F}"
EndProject
Project("{FAE04EC0-301F-11D3-BF4B-00C04F79EFBC}") = "Entities", "Entities\Entities.csproj", "{9CC4C35B-3616-4B70-AA9D-B9604D516523}"
EndProject
Project("{FAE04EC0-301F-11D3-BF4B-00C04F79EFBC}") = "ConsoleUI", "ConsoleUI\ConsoleUI.csproj", "{A1D95F30-405A-4F98-9C75-F1A798414D28}"
EndProject
Global
	GlobalSection(SolutionConfigurationPlatforms) = preSolution
		Debug|Any CPU = Debug|Any CPU
		Release|Any CPU = Release|Any CPU
	EndGlobalSection
	GlobalSection(ProjectConfigurationPlatforms) = postSolution
		{CD18E959-34E6-4BB8-8FC4-A23A1575DE78}.Debug|Any CPU.ActiveCfg = Debug|Any CPU
		{CD18E959-34E6-4BB8-8FC4-A23A1575DE78}.Debug|Any CPU.Build.0 = Debug|Any CPU
		{CD18E959-34E6-4BB8-8FC4-A23A1575DE78}.Release|Any CPU.ActiveCfg = Release|Any CPU
		{CD18E959-34E6-4BB8-8FC4-A23A1575DE78}.Release|Any CPU.Build.0 = Release|Any CPU
		{6BF21993-BB01-4EC0-933F-B7950867CD9F}.Debug|Any CPU.ActiveCfg = Debug|Any CPU
		{6BF21993-BB01-4EC0-933F-B7950867CD9F}.Debug|Any CPU.Build.0 = Debug|Any CPU
		{6BF21993-BB01-4EC0-933F-B7950867CD9F}.Release|Any CPU.ActiveCfg = Release|Any CPU
		{6BF21993-BB01-4EC0-933F-B7950867CD9F}.Release|Any CPU.Build.0 = Release|Any CPU
		{9CC4C35B-3616-4B70-AA9D-B9604D516523}.Debug|Any CPU.ActiveCfg = Debug|Any CPU
		{9CC4C35B-3616-4B70-AA9D-B9604D516523}.Debug|Any CPU.Build.0 = Debug|Any CPU
		{9CC4C35B-3616-4B70-AA9D-B9604D516523}.Release|Any CPU.ActiveCfg = Release|Any CPU
		{9CC4C35B-3616-4B70-AA9D-B9604D516523}.Release|Any CPU.Build.0 = Release|Any CPU
		{A1D95F30-405A-4F98-9C75-F1A798414D28}.Debug|Any CPU.ActiveCfg = Debug|Any CPU
		{A1D95F30-405A-4F98-9C75-F1A798414D28}.Debug|Any CPU.Build.0 = Debug|Any CPU
		{A1D95F30-405A-4F98-9C75-F1A798414D28}.Release|Any CPU.ActiveCfg = Release|Any CPU
		{A1D95F30-405A-4F98-9C75-F1A798414D28}.Release|Any CPU.Build.0 = Release|Any CPU
	EndGlobalSection
	GlobalSection(SolutionProperties) = preSolution
		HideSolutionNode = FALSE
	EndGlobalSection
	GlobalSection(ExtensibilityGlobals) = postSolution
		SolutionGuid = {588A0A27-EC8E-4826-AA25-284BB7CF3CEE}
	EndGlobalSection
EndGlobal
